<?xml version="1.0" encoding="UTF-8" standalone="yes" ?>
<CodeBlocks_project_file>
	<FileVersion major="1" minor="6" />
	<Project>
		<Option title="hfsguardadir-gtkmm4" />
		<Option pch_mode="2" />
		<Option compiler="gcc" />
		<Build>
			<Target title="Debug">
				<Option output="bin/Debug/hfsguardadir-gtkmm4" prefix_auto="1" extension_auto="1" />
				<Option object_output="obj/Debug/" />
				<Option type="1" />
				<Option compiler="gcc" />
				<Compiler>
					<Add option="-g" />
				</Compiler>
			</Target>
			<Target title="Release">
				<Option output="bin/Release/hfsguardadir-gtkmm4" prefix_auto="1" extension_auto="1" />
				<Option object_output="obj/Release/" />
				<Option type="1" />
				<Option compiler="gcc" />
				<Compiler>
					<Add option="-O2" />
				</Compiler>
				<Linker>
					<Add option="-s" />
				</Linker>
			</Target>
		</Build>
		<Compiler>
			<Add option="-Wall" />
			<Add option="`pkg-config gtkmm-4.0 --cflags`" />
			<Add directory="." />
		</Compiler>
		<Linker>
			<Add option="`pkg-config gtkmm-4.0 --libs`" />
			<Add library="sqlite3" />
		</Linker>
		<Unit filename="ExampleWindow.cpp" />
		<Unit filename="ExampleWindow.h" />
		<Unit filename="hfsguardadir-gtkmm4.cpp" />
		<Extensions />
	</Project>
</CodeBlocks_project_file>
