
Microsoft Visual Studio Solution File, Format Version 12.00
# Visual Studio Version 17
VisualStudioVersion = 17.11.35327.3
MinimumVisualStudioVersion = 10.0.40219.1
Project("{8BC9CEB8-8B4A-11D0-8D11-00A0C91BC942}") = "HFSGuardaDiretorio_wxWidgets", "HFSGuardaDiretorio_wxWidgets\HFSGuardaDiretorio_wxWidgets.vcxproj", "{B769EAF3-0768-40AF-B66F-D4A0DBC24067}"
EndProject
Project("{8BC9CEB8-8B4A-11D0-8D11-00A0C91BC942}") = "HFSGuardaDiretorio_Gtk3", "HFSGuardaDiretorio_Gtk3\HFSGuardaDiretorio_Gtk3.vcxproj", "{165DE5AA-D82C-466F-AE4D-21BA3E957B5C}"
EndProject
Project("{8BC9CEB8-8B4A-11D0-8D11-00A0C91BC942}") = "HFSGuardaDiretorio_Gtkmm3", "HFSGuardaDiretorio_Gtkmm3\HFSGuardaDiretorio_Gtkmm3.vcxproj", "{119506C1-B004-45B0-A4FD-0C5927B00F9C}"
EndProject
Project("{8BC9CEB8-8B4A-11D0-8D11-00A0C91BC942}") = "HFSGuardaDiretorio_CPP", "HFSGuardaDiretorio_CPP\HFSGuardaDiretorio_CPP.vcxproj", "{0C89683D-39E8-4E12-A9E2-EF270F7376A8}"
EndProject
Project("{8BC9CEB8-8B4A-11D0-8D11-00A0C91BC942}") = "HFSGuardaDiretorio_WIN32", "HFSGuardaDiretorio_WIN32\HFSGuardaDiretorio_WIN32.vcxproj", "{A6FCD8C0-FA17-4A50-9DBB-AB7A7C6FBA77}"
EndProject
Project("{8BC9CEB8-8B4A-11D0-8D11-00A0C91BC942}") = "HFSGuardaDiretorio_MFC", "HFSGuardaDiretorio_MFC\HFSGuardaDiretorio_MFC.vcxproj", "{0C4C7DA3-8ACA-4F0E-B330-BD9870B9270A}"
EndProject
Project("{FAE04EC0-301F-11D3-BF4B-00C04F79EFBC}") = "HFSGuardaDiretorio_CSharp", "HFSGuardaDiretorio_CSharp\HFSGuardaDiretorio_CSharp.csproj", "{87E3E40B-0B6E-4B56-BD83-DA56D91EB196}"
EndProject
Project("{F184B08F-C81C-45F6-A57F-5ABD9991F28F}") = "HFSGuardaDiretorio_VBNet", "HFSGuardaDiretorio_VBNet\HFSGuardaDiretorio_VBNet.vbproj", "{3FBE42B1-5A23-45DA-BEAF-420D74744AE2}"
EndProject
Project("{8BC9CEB8-8B4A-11D0-8D11-00A0C91BC942}") = "HFSGuardaDiretorio_FoxTookit", "HFSGuardaDiretorio_FoxTookit\HFSGuardaDiretorio_FoxTookit.vcxproj", "{C215C399-485F-4EA8-8E4B-CE9CFA37B7F2}"
EndProject
Project("{8BC9CEB8-8B4A-11D0-8D11-00A0C91BC942}") = "HFSGuardaDiretorio_Gtk4", "HFSGuardaDiretorio_Gtk4\HFSGuardaDiretorio_Gtk4.vcxproj", "{5B144A0B-FE35-4C51-8796-C8AB0E619EC8}"
EndProject
Project("{8BC9CEB8-8B4A-11D0-8D11-00A0C91BC942}") = "HFSGuardaDiretorio_Gtkmm4", "HFSGuardaDiretorio_Gtkmm4\HFSGuardaDiretorio_Gtkmm4.vcxproj", "{EA7772B5-8673-4D50-B5BB-92CDA9F502CF}"
EndProject
Global
	GlobalSection(SolutionConfigurationPlatforms) = preSolution
		Debug|Any CPU = Debug|Any CPU
		Debug|x64 = Debug|x64
		Debug|x86 = Debug|x86
		Release|Any CPU = Release|Any CPU
		Release|x64 = Release|x64
		Release|x86 = Release|x86
	EndGlobalSection
	GlobalSection(ProjectConfigurationPlatforms) = postSolution
		{B769EAF3-0768-40AF-B66F-D4A0DBC24067}.Debug|Any CPU.ActiveCfg = Debug|x64
		{B769EAF3-0768-40AF-B66F-D4A0DBC24067}.Debug|Any CPU.Build.0 = Debug|x64
		{B769EAF3-0768-40AF-B66F-D4A0DBC24067}.Debug|x64.ActiveCfg = Debug|x64
		{B769EAF3-0768-40AF-B66F-D4A0DBC24067}.Debug|x64.Build.0 = Debug|x64
		{B769EAF3-0768-40AF-B66F-D4A0DBC24067}.Debug|x86.ActiveCfg = Debug|Win32
		{B769EAF3-0768-40AF-B66F-D4A0DBC24067}.Debug|x86.Build.0 = Debug|Win32
		{B769EAF3-0768-40AF-B66F-D4A0DBC24067}.Release|Any CPU.ActiveCfg = Release|x64
		{B769EAF3-0768-40AF-B66F-D4A0DBC24067}.Release|Any CPU.Build.0 = Release|x64
		{B769EAF3-0768-40AF-B66F-D4A0DBC24067}.Release|x64.ActiveCfg = Release|x64
		{B769EAF3-0768-40AF-B66F-D4A0DBC24067}.Release|x64.Build.0 = Release|x64
		{B769EAF3-0768-40AF-B66F-D4A0DBC24067}.Release|x86.ActiveCfg = Release|Win32
		{B769EAF3-0768-40AF-B66F-D4A0DBC24067}.Release|x86.Build.0 = Release|Win32
		{165DE5AA-D82C-466F-AE4D-21BA3E957B5C}.Debug|Any CPU.ActiveCfg = Debug|x64
		{165DE5AA-D82C-466F-AE4D-21BA3E957B5C}.Debug|Any CPU.Build.0 = Debug|x64
		{165DE5AA-D82C-466F-AE4D-21BA3E957B5C}.Debug|x64.ActiveCfg = Debug|x64
		{165DE5AA-D82C-466F-AE4D-21BA3E957B5C}.Debug|x64.Build.0 = Debug|x64
		{165DE5AA-D82C-466F-AE4D-21BA3E957B5C}.Debug|x86.ActiveCfg = Debug|Win32
		{165DE5AA-D82C-466F-AE4D-21BA3E957B5C}.Debug|x86.Build.0 = Debug|Win32
		{165DE5AA-D82C-466F-AE4D-21BA3E957B5C}.Release|Any CPU.ActiveCfg = Release|x64
		{165DE5AA-D82C-466F-AE4D-21BA3E957B5C}.Release|Any CPU.Build.0 = Release|x64
		{165DE5AA-D82C-466F-AE4D-21BA3E957B5C}.Release|x64.ActiveCfg = Release|x64
		{165DE5AA-D82C-466F-AE4D-21BA3E957B5C}.Release|x64.Build.0 = Release|x64
		{165DE5AA-D82C-466F-AE4D-21BA3E957B5C}.Release|x86.ActiveCfg = Release|Win32
		{165DE5AA-D82C-466F-AE4D-21BA3E957B5C}.Release|x86.Build.0 = Release|Win32
		{119506C1-B004-45B0-A4FD-0C5927B00F9C}.Debug|Any CPU.ActiveCfg = Debug|x64
		{119506C1-B004-45B0-A4FD-0C5927B00F9C}.Debug|Any CPU.Build.0 = Debug|x64
		{119506C1-B004-45B0-A4FD-0C5927B00F9C}.Debug|x64.ActiveCfg = Debug|x64
		{119506C1-B004-45B0-A4FD-0C5927B00F9C}.Debug|x64.Build.0 = Debug|x64
		{119506C1-B004-45B0-A4FD-0C5927B00F9C}.Debug|x86.ActiveCfg = Debug|Win32
		{119506C1-B004-45B0-A4FD-0C5927B00F9C}.Debug|x86.Build.0 = Debug|Win32
		{119506C1-B004-45B0-A4FD-0C5927B00F9C}.Release|Any CPU.ActiveCfg = Release|x64
		{119506C1-B004-45B0-A4FD-0C5927B00F9C}.Release|Any CPU.Build.0 = Release|x64
		{119506C1-B004-45B0-A4FD-0C5927B00F9C}.Release|x64.ActiveCfg = Release|x64
		{119506C1-B004-45B0-A4FD-0C5927B00F9C}.Release|x64.Build.0 = Release|x64
		{119506C1-B004-45B0-A4FD-0C5927B00F9C}.Release|x86.ActiveCfg = Release|Win32
		{119506C1-B004-45B0-A4FD-0C5927B00F9C}.Release|x86.Build.0 = Release|Win32
		{0C89683D-39E8-4E12-A9E2-EF270F7376A8}.Debug|Any CPU.ActiveCfg = Debug|x64
		{0C89683D-39E8-4E12-A9E2-EF270F7376A8}.Debug|Any CPU.Build.0 = Debug|x64
		{0C89683D-39E8-4E12-A9E2-EF270F7376A8}.Debug|x64.ActiveCfg = Debug|x64
		{0C89683D-39E8-4E12-A9E2-EF270F7376A8}.Debug|x64.Build.0 = Debug|x64
		{0C89683D-39E8-4E12-A9E2-EF270F7376A8}.Debug|x86.ActiveCfg = Debug|Win32
		{0C89683D-39E8-4E12-A9E2-EF270F7376A8}.Debug|x86.Build.0 = Debug|Win32
		{0C89683D-39E8-4E12-A9E2-EF270F7376A8}.Release|Any CPU.ActiveCfg = Release|x64
		{0C89683D-39E8-4E12-A9E2-EF270F7376A8}.Release|Any CPU.Build.0 = Release|x64
		{0C89683D-39E8-4E12-A9E2-EF270F7376A8}.Release|x64.ActiveCfg = Release|x64
		{0C89683D-39E8-4E12-A9E2-EF270F7376A8}.Release|x64.Build.0 = Release|x64
		{0C89683D-39E8-4E12-A9E2-EF270F7376A8}.Release|x86.ActiveCfg = Release|Win32
		{0C89683D-39E8-4E12-A9E2-EF270F7376A8}.Release|x86.Build.0 = Release|Win32
		{A6FCD8C0-FA17-4A50-9DBB-AB7A7C6FBA77}.Debug|Any CPU.ActiveCfg = Debug|x64
		{A6FCD8C0-FA17-4A50-9DBB-AB7A7C6FBA77}.Debug|Any CPU.Build.0 = Debug|x64
		{A6FCD8C0-FA17-4A50-9DBB-AB7A7C6FBA77}.Debug|x64.ActiveCfg = Debug|x64
		{A6FCD8C0-FA17-4A50-9DBB-AB7A7C6FBA77}.Debug|x64.Build.0 = Debug|x64
		{A6FCD8C0-FA17-4A50-9DBB-AB7A7C6FBA77}.Debug|x86.ActiveCfg = Debug|Win32
		{A6FCD8C0-FA17-4A50-9DBB-AB7A7C6FBA77}.Debug|x86.Build.0 = Debug|Win32
		{A6FCD8C0-FA17-4A50-9DBB-AB7A7C6FBA77}.Release|Any CPU.ActiveCfg = Release|x64
		{A6FCD8C0-FA17-4A50-9DBB-AB7A7C6FBA77}.Release|Any CPU.Build.0 = Release|x64
		{A6FCD8C0-FA17-4A50-9DBB-AB7A7C6FBA77}.Release|x64.ActiveCfg = Release|x64
		{A6FCD8C0-FA17-4A50-9DBB-AB7A7C6FBA77}.Release|x64.Build.0 = Release|x64
		{A6FCD8C0-FA17-4A50-9DBB-AB7A7C6FBA77}.Release|x86.ActiveCfg = Release|Win32
		{A6FCD8C0-FA17-4A50-9DBB-AB7A7C6FBA77}.Release|x86.Build.0 = Release|Win32
		{0C4C7DA3-8ACA-4F0E-B330-BD9870B9270A}.Debug|Any CPU.ActiveCfg = Debug|x64
		{0C4C7DA3-8ACA-4F0E-B330-BD9870B9270A}.Debug|Any CPU.Build.0 = Debug|x64
		{0C4C7DA3-8ACA-4F0E-B330-BD9870B9270A}.Debug|x64.ActiveCfg = Debug|x64
		{0C4C7DA3-8ACA-4F0E-B330-BD9870B9270A}.Debug|x64.Build.0 = Debug|x64
		{0C4C7DA3-8ACA-4F0E-B330-BD9870B9270A}.Debug|x86.ActiveCfg = Debug|Win32
		{0C4C7DA3-8ACA-4F0E-B330-BD9870B9270A}.Debug|x86.Build.0 = Debug|Win32
		{0C4C7DA3-8ACA-4F0E-B330-BD9870B9270A}.Release|Any CPU.ActiveCfg = Release|x64
		{0C4C7DA3-8ACA-4F0E-B330-BD9870B9270A}.Release|Any CPU.Build.0 = Release|x64
		{0C4C7DA3-8ACA-4F0E-B330-BD9870B9270A}.Release|x64.ActiveCfg = Release|x64
		{0C4C7DA3-8ACA-4F0E-B330-BD9870B9270A}.Release|x64.Build.0 = Release|x64
		{0C4C7DA3-8ACA-4F0E-B330-BD9870B9270A}.Release|x86.ActiveCfg = Release|Win32
		{0C4C7DA3-8ACA-4F0E-B330-BD9870B9270A}.Release|x86.Build.0 = Release|Win32
		{87E3E40B-0B6E-4B56-BD83-DA56D91EB196}.Debug|Any CPU.ActiveCfg = Debug|Any CPU
		{87E3E40B-0B6E-4B56-BD83-DA56D91EB196}.Debug|Any CPU.Build.0 = Debug|Any CPU
		{87E3E40B-0B6E-4B56-BD83-DA56D91EB196}.Debug|x64.ActiveCfg = Debug|Any CPU
		{87E3E40B-0B6E-4B56-BD83-DA56D91EB196}.Debug|x64.Build.0 = Debug|Any CPU
		{87E3E40B-0B6E-4B56-BD83-DA56D91EB196}.Debug|x86.ActiveCfg = Debug|Any CPU
		{87E3E40B-0B6E-4B56-BD83-DA56D91EB196}.Debug|x86.Build.0 = Debug|Any CPU
		{87E3E40B-0B6E-4B56-BD83-DA56D91EB196}.Release|Any CPU.ActiveCfg = Release|Any CPU
		{87E3E40B-0B6E-4B56-BD83-DA56D91EB196}.Release|Any CPU.Build.0 = Release|Any CPU
		{87E3E40B-0B6E-4B56-BD83-DA56D91EB196}.Release|x64.ActiveCfg = Release|Any CPU
		{87E3E40B-0B6E-4B56-BD83-DA56D91EB196}.Release|x64.Build.0 = Release|Any CPU
		{87E3E40B-0B6E-4B56-BD83-DA56D91EB196}.Release|x86.ActiveCfg = Release|Any CPU
		{87E3E40B-0B6E-4B56-BD83-DA56D91EB196}.Release|x86.Build.0 = Release|Any CPU
		{3FBE42B1-5A23-45DA-BEAF-420D74744AE2}.Debug|Any CPU.ActiveCfg = Debug|Any CPU
		{3FBE42B1-5A23-45DA-BEAF-420D74744AE2}.Debug|Any CPU.Build.0 = Debug|Any CPU
		{3FBE42B1-5A23-45DA-BEAF-420D74744AE2}.Debug|x64.ActiveCfg = Debug|Any CPU
		{3FBE42B1-5A23-45DA-BEAF-420D74744AE2}.Debug|x64.Build.0 = Debug|Any CPU
		{3FBE42B1-5A23-45DA-BEAF-420D74744AE2}.Debug|x86.ActiveCfg = Debug|Any CPU
		{3FBE42B1-5A23-45DA-BEAF-420D74744AE2}.Debug|x86.Build.0 = Debug|Any CPU
		{3FBE42B1-5A23-45DA-BEAF-420D74744AE2}.Release|Any CPU.ActiveCfg = Release|Any CPU
		{3FBE42B1-5A23-45DA-BEAF-420D74744AE2}.Release|Any CPU.Build.0 = Release|Any CPU
		{3FBE42B1-5A23-45DA-BEAF-420D74744AE2}.Release|x64.ActiveCfg = Release|Any CPU
		{3FBE42B1-5A23-45DA-BEAF-420D74744AE2}.Release|x64.Build.0 = Release|Any CPU
		{3FBE42B1-5A23-45DA-BEAF-420D74744AE2}.Release|x86.ActiveCfg = Release|Any CPU
		{3FBE42B1-5A23-45DA-BEAF-420D74744AE2}.Release|x86.Build.0 = Release|Any CPU
		{C215C399-485F-4EA8-8E4B-CE9CFA37B7F2}.Debug|Any CPU.ActiveCfg = Debug|x64
		{C215C399-485F-4EA8-8E4B-CE9CFA37B7F2}.Debug|Any CPU.Build.0 = Debug|x64
		{C215C399-485F-4EA8-8E4B-CE9CFA37B7F2}.Debug|x64.ActiveCfg = Debug|x64
		{C215C399-485F-4EA8-8E4B-CE9CFA37B7F2}.Debug|x64.Build.0 = Debug|x64
		{C215C399-485F-4EA8-8E4B-CE9CFA37B7F2}.Debug|x86.ActiveCfg = Debug|Win32
		{C215C399-485F-4EA8-8E4B-CE9CFA37B7F2}.Debug|x86.Build.0 = Debug|Win32
		{C215C399-485F-4EA8-8E4B-CE9CFA37B7F2}.Release|Any CPU.ActiveCfg = Release|x64
		{C215C399-485F-4EA8-8E4B-CE9CFA37B7F2}.Release|Any CPU.Build.0 = Release|x64
		{C215C399-485F-4EA8-8E4B-CE9CFA37B7F2}.Release|x64.ActiveCfg = Release|x64
		{C215C399-485F-4EA8-8E4B-CE9CFA37B7F2}.Release|x64.Build.0 = Release|x64
		{C215C399-485F-4EA8-8E4B-CE9CFA37B7F2}.Release|x86.ActiveCfg = Release|Win32
		{C215C399-485F-4EA8-8E4B-CE9CFA37B7F2}.Release|x86.Build.0 = Release|Win32
		{5B144A0B-FE35-4C51-8796-C8AB0E619EC8}.Debug|Any CPU.ActiveCfg = Debug|x64
		{5B144A0B-FE35-4C51-8796-C8AB0E619EC8}.Debug|Any CPU.Build.0 = Debug|x64
		{5B144A0B-FE35-4C51-8796-C8AB0E619EC8}.Debug|x64.ActiveCfg = Debug|x64
		{5B144A0B-FE35-4C51-8796-C8AB0E619EC8}.Debug|x64.Build.0 = Debug|x64
		{5B144A0B-FE35-4C51-8796-C8AB0E619EC8}.Debug|x86.ActiveCfg = Debug|Win32
		{5B144A0B-FE35-4C51-8796-C8AB0E619EC8}.Debug|x86.Build.0 = Debug|Win32
		{5B144A0B-FE35-4C51-8796-C8AB0E619EC8}.Release|Any CPU.ActiveCfg = Release|x64
		{5B144A0B-FE35-4C51-8796-C8AB0E619EC8}.Release|Any CPU.Build.0 = Release|x64
		{5B144A0B-FE35-4C51-8796-C8AB0E619EC8}.Release|x64.ActiveCfg = Release|x64
		{5B144A0B-FE35-4C51-8796-C8AB0E619EC8}.Release|x64.Build.0 = Release|x64
		{5B144A0B-FE35-4C51-8796-C8AB0E619EC8}.Release|x86.ActiveCfg = Release|Win32
		{5B144A0B-FE35-4C51-8796-C8AB0E619EC8}.Release|x86.Build.0 = Release|Win32
		{EA7772B5-8673-4D50-B5BB-92CDA9F502CF}.Debug|Any CPU.ActiveCfg = Debug|x64
		{EA7772B5-8673-4D50-B5BB-92CDA9F502CF}.Debug|Any CPU.Build.0 = Debug|x64
		{EA7772B5-8673-4D50-B5BB-92CDA9F502CF}.Debug|x64.ActiveCfg = Debug|x64
		{EA7772B5-8673-4D50-B5BB-92CDA9F502CF}.Debug|x64.Build.0 = Debug|x64
		{EA7772B5-8673-4D50-B5BB-92CDA9F502CF}.Debug|x86.ActiveCfg = Debug|Win32
		{EA7772B5-8673-4D50-B5BB-92CDA9F502CF}.Debug|x86.Build.0 = Debug|Win32
		{EA7772B5-8673-4D50-B5BB-92CDA9F502CF}.Release|Any CPU.ActiveCfg = Release|x64
		{EA7772B5-8673-4D50-B5BB-92CDA9F502CF}.Release|Any CPU.Build.0 = Release|x64
		{EA7772B5-8673-4D50-B5BB-92CDA9F502CF}.Release|x64.ActiveCfg = Release|x64
		{EA7772B5-8673-4D50-B5BB-92CDA9F502CF}.Release|x64.Build.0 = Release|x64
		{EA7772B5-8673-4D50-B5BB-92CDA9F502CF}.Release|x86.ActiveCfg = Release|Win32
		{EA7772B5-8673-4D50-B5BB-92CDA9F502CF}.Release|x86.Build.0 = Release|Win32
	EndGlobalSection
	GlobalSection(SolutionProperties) = preSolution
		HideSolutionNode = FALSE
	EndGlobalSection
	GlobalSection(ExtensibilityGlobals) = postSolution
		SolutionGuid = {3041767F-22A5-43F8-BDC9-17AB5D563C71}
	EndGlobalSection
EndGlobal
